<?xml version="1.0" encoding="utf-8"?>
<Project ToolsVersion="4.0" xmlns="http://schemas.microsoft.com/developer/msbuild/2003">
  <ItemGroup>
    <Filter Include="source">
      <UniqueIdentifier>{fb4776c8-27f8-4265-8c1d-13c8ac85d0bf}</UniqueIdentifier>
    </Filter>
    <Filter Include="source\glew">
      <UniqueIdentifier>{7d4cfcce-2df7-4e25-9670-d5f058a170b8}</UniqueIdentifier>
    </Filter>
    <Filter Include="source\glew\src">
      <UniqueIdentifier>{05201492-9f43-4342-869c-2e8c095546a2}</UniqueIdentifier>
    </Filter>
    <Filter Include="source\glew\include">
      <UniqueIdentifier>{bb903b1b-8bc4-4d52-b851-6484be55b6b4}</UniqueIdentifier>
    </Filter>
    <Filter Include="source\glew\include\GL">
      <UniqueIdentifier>{311296e4-39b2-4bba-865d-493a3fc79dcc}</UniqueIdentifier>
    </Filter>
    <Filter Include="source\freetype">
      <UniqueIdentifier>{68527aff-0e7e-430a-8de8-426de2846f34}</UniqueIdentifier>
    </Filter>
    <Filter Include="source\Renderer">
      <UniqueIdentifier>{073942b3-8f28-4932-bc1f-f5c170cf43b2}</UniqueIdentifier>
    </Filter>
    <Filter Include="source\Maths">
      <UniqueIdentifier>{360dfc67-3c32-422b-a8b5-451fa8c9c4f4}</UniqueIdentifier>
    </Filter>
    <Filter Include="source\models">
      <UniqueIdentifier>{08a44df0-0358-4c9f-a851-6bbbf8084d24}</UniqueIdentifier>
    </Filter>
    <Filter Include="source\utils">
      <UniqueIdentifier>{187a17fc-3674-43d7-84c9-234f7d3f3d32}</UniqueIdentifier>
    </Filter>
  </ItemGroup>
  <ItemGroup>
    <ClCompile Include="source\main.cpp">
      <Filter>source</Filter>
    </ClCompile>
    <ClCompile Include="source\glew\src\glew.c">
      <Filter>source\glew\src</Filter>
    </ClCompile>
    <ClCompile Include="source\freetype\freetypefont.cpp">
      <Filter>source\freetype</Filter>
    </ClCompile>
    <ClCompile Include="source\Renderer\Renderer.cpp">
      <Filter>source\Renderer</Filter>
    </ClCompile>
    <ClCompile Include="source\Maths\3dmaths.cpp">
      <Filter>source\Maths</Filter>
    </ClCompile>
    <ClCompile Include="source\Maths\Bezier3.cpp">
      <Filter>source\Maths</Filter>
    </ClCompile>
    <ClCompile Include="source\Maths\Bezier4.cpp">
      <Filter>source\Maths</Filter>
    </ClCompile>
    <ClCompile Include="source\Maths\Line3D.cpp">
      <Filter>source\Maths</Filter>
    </ClCompile>
    <ClCompile Include="source\Maths\matrix3x3.cpp">
      <Filter>source\Maths</Filter>
    </ClCompile>
    <ClCompile Include="source\Maths\matrix4x4.cpp">
      <Filter>source\Maths</Filter>
    </ClCompile>
    <ClCompile Include="source\Maths\Plane3D.cpp">
      <Filter>source\Maths</Filter>
    </ClCompile>
    <ClCompile Include="source\Maths\quaternion.cpp">
      <Filter>source\Maths</Filter>
    </ClCompile>
    <ClCompile Include="source\Maths\vector2d.cpp">
      <Filter>source\Maths</Filter>
    </ClCompile>
    <ClCompile Include="source\Maths\vector3d.cpp">
      <Filter>source\Maths</Filter>
    </ClCompile>
    <ClCompile Include="source\Renderer\frustum.cpp">
      <Filter>source\Renderer</Filter>
    </ClCompile>
    <ClCompile Include="source\Renderer\colour.cpp">
      <Filter>source\Renderer</Filter>
    </ClCompile>
    <ClCompile Include="source\Renderer\mesh.cpp">
      <Filter>source\Renderer</Filter>
    </ClCompile>
    <ClCompile Include="source\Renderer\texture.cpp">
      <Filter>source\Renderer</Filter>
    </ClCompile>
    <ClCompile Include="source\Renderer\tga.cpp">
      <Filter>source\Renderer</Filter>
    </ClCompile>
    <ClCompile Include="source\Renderer\bmp_class.cpp">
      <Filter>source\Renderer</Filter>
    </ClCompile>
    <ClCompile Include="source\Renderer\bmp.cpp">
      <Filter>source\Renderer</Filter>
    </ClCompile>
    <ClCompile Include="source\models\BoundingBox.cpp">
      <Filter>source\models</Filter>
    </ClCompile>
    <ClCompile Include="source\models\objmodel.cpp">
      <Filter>source\models</Filter>
    </ClCompile>
    <ClCompile Include="source\models\MS3DModel.cpp">
      <Filter>source\models</Filter>
    </ClCompile>
    <ClCompile Include="source\models\MS3DAnimator.cpp">
      <Filter>source\models</Filter>
    </ClCompile>
    <ClCompile Include="source\models\QubicleBinary.cpp">
      <Filter>source\models</Filter>
    </ClCompile>
    <ClCompile Include="source\models\QubicleBinaryManager.cpp">
      <Filter>source\models</Filter>
    </ClCompile>
    <ClCompile Include="source\models\VoxelCharacter.cpp">
      <Filter>source\models</Filter>
    </ClCompile>
    <ClCompile Include="source\models\VoxelWeapon.cpp">
      <Filter>source\models</Filter>
    </ClCompile>
    <ClCompile Include="source\models\VoxelObject.cpp">
      <Filter>source\models</Filter>
    </ClCompile>
    <ClCompile Include="source\utils\Interpolator.cpp">
      <Filter>source\utils</Filter>
    </ClCompile>
    <ClCompile Include="source\Renderer\camera.cpp">
      <Filter>source\Renderer</Filter>
    </ClCompile>
  </ItemGroup>
  <ItemGroup>
    <ClInclude Include="source\glew\include\GL\glew.h">
      <Filter>source\glew\include\GL</Filter>
    </ClInclude>
    <ClInclude Include="source\glew\include\GL\glxew.h">
      <Filter>source\glew\include\GL</Filter>
    </ClInclude>
    <ClInclude Include="source\glew\include\GL\wglew.h">
      <Filter>source\glew\include\GL</Filter>
    </ClInclude>
    <ClInclude Include="source\freetype\freetypefont.h">
      <Filter>source\freetype</Filter>
    </ClInclude>
    <ClInclude Include="source\Renderer\Renderer.h">
      <Filter>source\Renderer</Filter>
    </ClInclude>
    <ClInclude Include="source\Maths\3dGeometry.h">
      <Filter>source\Maths</Filter>
    </ClInclude>
    <ClInclude Include="source\Maths\3dmaths.h">
      <Filter>source\Maths</Filter>
    </ClInclude>
    <ClInclude Include="source\Renderer\frustum.h">
      <Filter>source\Renderer</Filter>
    </ClInclude>
    <ClInclude Include="source\Renderer\viewport.h">
      <Filter>source\Renderer</Filter>
    </ClInclude>
    <ClInclude Include="source\Renderer\colour.h">
      <Filter>source\Renderer</Filter>
    </ClInclude>
    <ClInclude Include="source\Renderer\mesh.h">
      <Filter>source\Renderer</Filter>
    </ClInclude>
    <ClInclude Include="source\Renderer\vertexarray.h">
      <Filter>source\Renderer</Filter>
    </ClInclude>
    <ClInclude Include="source\Renderer\light.h">
      <Filter>source\Renderer</Filter>
    </ClInclude>
    <ClInclude Include="source\Renderer\material.h">
      <Filter>source\Renderer</Filter>
    </ClInclude>
    <ClInclude Include="source\Renderer\texture.h">
      <Filter>source\Renderer</Filter>
    </ClInclude>
    <ClInclude Include="source\Renderer\tga.h">
      <Filter>source\Renderer</Filter>
    </ClInclude>
    <ClInclude Include="source\Renderer\bmp_class.h">
      <Filter>source\Renderer</Filter>
    </ClInclude>
    <ClInclude Include="source\models\BoundingBox.h">
      <Filter>source\models</Filter>
    </ClInclude>
    <ClInclude Include="source\models\modelloader.h">
      <Filter>source\models</Filter>
    </ClInclude>
    <ClInclude Include="source\models\OBJModel.h">
      <Filter>source\models</Filter>
    </ClInclude>
    <ClInclude Include="source\models\MS3DModel.h">
      <Filter>source\models</Filter>
    </ClInclude>
    <ClInclude Include="source\models\MS3DAnimator.h">
      <Filter>source\models</Filter>
    </ClInclude>
    <ClInclude Include="source\models\QubicleBinary.h">
      <Filter>source\models</Filter>
    </ClInclude>
    <ClInclude Include="source\models\QubicleBinaryManager.h">
      <Filter>source\models</Filter>
    </ClInclude>
    <ClInclude Include="source\models\VoxelCharacter.h">
      <Filter>source\models</Filter>
    </ClInclude>
    <ClInclude Include="source\models\VoxelWeapon.h">
      <Filter>source\models</Filter>
    </ClInclude>
    <ClInclude Include="source\models\VoxelObject.h">
      <Filter>source\models</Filter>
    </ClInclude>
    <ClInclude Include="source\utils\Interpolator.h">
      <Filter>source\utils</Filter>
    </ClInclude>
    <ClInclude Include="source\utils\Random.h">
      <Filter>source\utils</Filter>
    </ClInclude>
    <ClInclude Include="source\Renderer\camera.h">
      <Filter>source\Renderer</Filter>
    </ClInclude>
  </ItemGroup>
</Project>